
Microsoft Visual Studio Solution File, Format Version 12.00
# Visual Studio 14
VisualStudioVersion = 14.0.25420.1
MinimumVisualStudioVersion = 10.0.40219.1
Project("{FAE04EC0-301F-11D3-BF4B-00C04F79EFBC}") = "Archieving_System_Echo", "testanchor\Archieving_System_Echo.csproj", "{49EE9BF3-9A0C-4DD8-85E6-47BD67533776}"
EndProject
Project("{54435603-DBB4-11D2-8724-00A0C9A8B90C}") = "Setup", "Setup\Setup.vdproj", "{CA86ECC1-E2D1-4A20-93BB-051A9BA06871}"
EndProject
Global
	GlobalSection(SolutionConfigurationPlatforms) = preSolution
		Debug|Any CPU = Debug|Any CPU
		Release|Any CPU = Release|Any CPU
	EndGlobalSection
	GlobalSection(ProjectConfigurationPlatforms) = postSolution
		{49EE9BF3-9A0C-4DD8-85E6-47BD67533776}.Debug|Any CPU.ActiveCfg = Debug|Any CPU
		{49EE9BF3-9A0C-4DD8-85E6-47BD67533776}.Debug|Any CPU.Build.0 = Debug|Any CPU
		{49EE9BF3-9A0C-4DD8-85E6-47BD67533776}.Release|Any CPU.ActiveCfg = Release|Any CPU
		{49EE9BF3-9A0C-4DD8-85E6-47BD67533776}.Release|Any CPU.Build.0 = Release|Any CPU
		{CA86ECC1-E2D1-4A20-93BB-051A9BA06871}.Debug|Any CPU.ActiveCfg = Debug
		{CA86ECC1-E2D1-4A20-93BB-051A9BA06871}.Release|Any CPU.ActiveCfg = Release
	EndGlobalSection
	GlobalSection(SolutionProperties) = preSolution
		HideSolutionNode = FALSE
	EndGlobalSection
EndGlobal
